PODS:
  - CHIPageControl/Jaloro (0.2)
  - CocoaLumberjack (3.8.5):
    - CocoaLumberjack/Core (= 3.8.5)
  - CocoaLumberjack/Core (3.8.5)
  - DSF_QRCode (16.1.1):
    - SwiftImageReadWrite (~> 1.1.6)
    - SwiftQRCodeGenerator
  - FittedSheets (2.7.1)
  - FSPagerView (0.8.3)
  - iOSDropDown (0.4.0)
  - IQKeyboardCore (1.0.5)
  - IQKeyboardManagerSwift (8.0.1):
    - IQKeyboardManagerSwift/Appearance (= 8.0.1)
    - IQKeyboardManagerSwift/Core (= 8.0.1)
    - IQKeyboardManagerSwift/IQKeyboardReturnManager (= 8.0.1)
    - IQKeyboardManagerSwift/IQKeyboardToolbarManager (= 8.0.1)
    - IQKeyboardManagerSwift/IQTextView (= 8.0.1)
    - IQKeyboardManagerSwift/Resign (= 8.0.1)
  - IQKeyboardManagerSwift/Appearance (8.0.1):
    - IQKeyboardManagerSwift/Core
  - IQKeyboardManagerSwift/Core (8.0.1):
    - IQKeyboardNotification
    - IQTextInputViewNotification
  - IQKeyboardManagerSwift/IQKeyboardReturnManager (8.0.1):
    - IQKeyboardReturnManager
  - IQKeyboardManagerSwift/IQKeyboardToolbarManager (8.0.1):
    - IQKeyboardManagerSwift/Core
    - IQKeyboardToolbarManager
  - IQKeyboardManagerSwift/IQTextView (8.0.1):
    - IQTextView
  - IQKeyboardManagerSwift/Resign (8.0.1):
    - IQKeyboardManagerSwift/Core
  - IQKeyboardNotification (1.0.3)
  - IQKeyboardReturnManager (1.0.4):
    - IQKeyboardCore (= 1.0.5)
  - IQKeyboardToolbar (1.1.1):
    - IQKeyboardCore
    - IQKeyboardToolbar/Core (= 1.1.1)
  - IQKeyboardToolbar/Core (1.1.1):
    - IQKeyboardCore
    - IQKeyboardToolbar/Placeholderable
  - IQKeyboardToolbar/Placeholderable (1.1.1):
    - IQKeyboardCore
  - IQKeyboardToolbarManager (1.1.3):
    - IQKeyboardToolbar
    - IQTextInputViewNotification
  - IQTextInputViewNotification (1.0.8):
    - IQKeyboardCore
  - IQTextView (1.0.5):
    - IQKeyboardToolbar/Placeholderable
  - JXPageControl (0.1.5):
    - JXPageControl/Common (= 0.1.5)
    - JXPageControl/Jump (= 0.1.5)
    - JXPageControl/Transform (= 0.1.5)
  - JXPageControl/Common (0.1.5)
  - JXPageControl/Jump (0.1.5):
    - JXPageControl/Common
  - JXPageControl/Transform (0.1.5):
    - JXPageControl/Common
  - KMPlaceholderTextView (1.4.0)
  - Loaf (0.7.0)
  - lottie-ios (4.5.1)
  - NVActivityIndicatorView (5.2.0):
    - NVActivityIndicatorView/Base (= 5.2.0)
  - NVActivityIndicatorView/Base (5.2.0)
  - PageControls (1.0.1):
    - PageControls/FilledPageControl (= 1.0.1)
    - PageControls/PillPageControl (= 1.0.1)
    - PageControls/ScrollingPageControl (= 1.0.1)
    - PageControls/SnakePageControl (= 1.0.1)
  - PageControls/FilledPageControl (1.0.1)
  - PageControls/PillPageControl (1.0.1)
  - PageControls/ScrollingPageControl (1.0.1)
  - PageControls/SnakePageControl (1.0.1)
  - SDWebImage (5.21.0):
    - SDWebImage/Core (= 5.21.0)
  - SDWebImage/Core (5.21.0)
  - SDWebImageSVGCoder (1.8.0):
    - SDWebImage/Core (~> 5.6)
  - SVGKit (3.0.0):
    - CocoaLumberjack (~> 3.0)
  - SVPinView (1.0.11)
  - SwiftConfettiView (0.1.0)
  - SwiftImageReadWrite (1.1.6)
  - SwiftKeychainWrapper (4.0.1)
  - SwiftQRCodeGenerator (2.0.2)
  - SwiftyRSA (1.7.0):
    - SwiftyRSA/ObjC (= 1.7.0)
  - SwiftyRSA/ObjC (1.7.0)
  - Toast-Swift (5.0.1)
  - XLPagerTabStrip (9.1.0)

DEPENDENCIES:
  - CHIPageControl/Jaloro
  - DSF_QRCode (~> 16.1.1)
  - FittedSheets
  - FSPagerView
  - iOSDropDown
  - IQKeyboardManagerSwift
  - JXPageControl (= 0.1.5)
  - KMPlaceholderTextView (~> 1.4.0)
  - Loaf
  - lottie-ios
  - NVActivityIndicatorView
  - PageControls
  - SDWebImage
  - SDWebImageSVGCoder
  - SVGKit
  - SVPinView
  - SwiftConfettiView
  - SwiftKeychainWrapper
  - SwiftyRSA
  - Toast-Swift (~> 5.0.1)
  - XLPagerTabStrip (~> 9.0)

SPEC REPOS:
  trunk:
    - CHIPageControl
    - CocoaLumberjack
    - DSF_QRCode
    - FittedSheets
    - FSPagerView
    - iOSDropDown
    - IQKeyboardCore
    - IQKeyboardManagerSwift
    - IQKeyboardNotification
    - IQKeyboardReturnManager
    - IQKeyboardToolbar
    - IQKeyboardToolbarManager
    - IQTextInputViewNotification
    - IQTextView
    - JXPageControl
    - KMPlaceholderTextView
    - Loaf
    - lottie-ios
    - NVActivityIndicatorView
    - PageControls
    - SDWebImage
    - SDWebImageSVGCoder
    - SVGKit
    - SVPinView
    - SwiftConfettiView
    - SwiftImageReadWrite
    - SwiftKeychainWrapper
    - SwiftQRCodeGenerator
    - SwiftyRSA
    - Toast-Swift
    - XLPagerTabStrip

SPEC CHECKSUMS:
  CHIPageControl: a787bf7205c9b7e7fbfc412be36c5e8636b68f86
  CocoaLumberjack: 6a459bc897d6d80bd1b8c78482ec7ad05dffc3f0
  DSF_QRCode: 68a32a5fef1183c070449ebe6fef832dcc6a68b9
  FittedSheets: 38ec85129bf5c970f99d4dba4fbf48185c5fa98a
  FSPagerView: 670405b2f18e2a87fa37f20b00de783e562c25a8
  iOSDropDown: ce9daa584eaa5567cafc1b633e3cc7eb6d9cea42
  IQKeyboardCore: 28c8bf3bcd8ba5aa1570b318cbc4da94b861711e
  IQKeyboardManagerSwift: 835fc9c6e4732398113406d84900ad2e8f141218
  IQKeyboardNotification: d7382c4466c5a5adef92c7452ebf861b36050088
  IQKeyboardReturnManager: 972be48528ce9e7508ab3ab15ac7efac803f17f5
  IQKeyboardToolbar: d4bdccfb78324aec2f3920659c77bb89acd33312
  IQKeyboardToolbarManager: 6c693c8478d6327a7ef2107528d29698b3514dbb
  IQTextInputViewNotification: f5e954d8881fd9808b744e49e024cc0d4bcfe572
  IQTextView: ae13b4922f22e6f027f62c557d9f4f236b19d5c7
  JXPageControl: e9487b39e2e58fc17790833214f3b8e935bef98b
  KMPlaceholderTextView: 2206c3df39979e9396e2d96fa9f427a8951121b0
  Loaf: d69937cd00649f3fa260beb8b7aef0a1feb861ef
  lottie-ios: 248b380fa1b97d18e792c37d90da7ab2aa0d6562
  NVActivityIndicatorView: fe52a6a68664c2df8991d7d9e3d86d8d19453c53
  PageControls: fc2436c93e79419521a6de5d46d84722593e2949
  SDWebImage: f84b0feeb08d2d11e6a9b843cb06d75ebf5b8868
  SDWebImageSVGCoder: 8e10c8f6cc879c7dfb317b284e13dd589379f01c
  SVGKit: 1ad7513f8c74d9652f94ed64ddecda1a23864dea
  SVPinView: 9b538d0ba68cdb092afe4f0f67ec84cbed079466
  SwiftConfettiView: 1bdbc2e6913b6b1c76d8070802b212508ad5c352
  SwiftImageReadWrite: 3508ec60fea50876964055b63558fdd02f132ba3
  SwiftKeychainWrapper: 807ba1d63c33a7d0613288512399cd1eda1e470c
  SwiftQRCodeGenerator: cc02fed209335064d0b0dd61b2a0874b9bc6bd5a
  SwiftyRSA: 8c6dd1ea7db1b8dc4fb517a202f88bb1354bc2c6
  Toast-Swift: 9b6a70f28b3bf0b96c40d46c0c4b9d6639846711
  XLPagerTabStrip: 27f3bfe23c53b4251c6481b06b1c289458a3fc1d

PODFILE CHECKSUM: 5227432c4f1e355ebb77a1f3dfc9436aa64047e6

COCOAPODS: 1.14.3
